
Microsoft Visual Studio Solution File, Format Version 12.00
# Visual Studio Version 16
VisualStudioVersion = 16.0.29806.167
MinimumVisualStudioVersion = 10.0.40219.1
Project("{FAE04EC0-301F-11D3-BF4B-00C04F79EFBC}") = "InsurancePolicyApplication", "InsurancePolicyApplication.csproj", "{3D6EBAB3-6225-4317-B3E1-BD7B15D8340C}"
EndProject
Project("{FAE04EC0-301F-11D3-BF4B-00C04F79EFBC}") = "XUnitTestProject", "..\XUnitTestProject\XUnitTestProject.csproj", "{DF734A67-A31D-434F-8CF6-7F4C4540A9CE}"
EndProject
Global
	GlobalSection(SolutionConfigurationPlatforms) = preSolution
		Debug|Any CPU = Debug|Any CPU
		Release|Any CPU = Release|Any CPU
	EndGlobalSection
	GlobalSection(ProjectConfigurationPlatforms) = postSolution
		{3D6EBAB3-6225-4317-B3E1-BD7B15D8340C}.Debug|Any CPU.ActiveCfg = Debug|Any CPU
		{3D6EBAB3-6225-4317-B3E1-BD7B15D8340C}.Debug|Any CPU.Build.0 = Debug|Any CPU
		{3D6EBAB3-6225-4317-B3E1-BD7B15D8340C}.Release|Any CPU.ActiveCfg = Release|Any CPU
		{3D6EBAB3-6225-4317-B3E1-BD7B15D8340C}.Release|Any CPU.Build.0 = Release|Any CPU
		{DF734A67-A31D-434F-8CF6-7F4C4540A9CE}.Debug|Any CPU.ActiveCfg = Debug|Any CPU
		{DF734A67-A31D-434F-8CF6-7F4C4540A9CE}.Debug|Any CPU.Build.0 = Debug|Any CPU
		{DF734A67-A31D-434F-8CF6-7F4C4540A9CE}.Release|Any CPU.ActiveCfg = Release|Any CPU
		{DF734A67-A31D-434F-8CF6-7F4C4540A9CE}.Release|Any CPU.Build.0 = Release|Any CPU
	EndGlobalSection
	GlobalSection(SolutionProperties) = preSolution
		HideSolutionNode = FALSE
	EndGlobalSection
	GlobalSection(ExtensibilityGlobals) = postSolution
		SolutionGuid = {259C4589-2569-480F-AF8C-F31CB73F0D88}
	EndGlobalSection
EndGlobal
